
Microsoft Visual Studio Solution File, Format Version 12.00
# Visual Studio 15
VisualStudioVersion = 15.0.28010.2050
MinimumVisualStudioVersion = 10.0.40219.1
Project("{FAE04EC0-301F-11D3-BF4B-00C04F79EFBC}") = "Day1", "Day1\Day1.csproj", "{1BA54A84-AD73-4C0C-AE03-08DE206BA19A}"
EndProject
Global
	GlobalSection(SolutionConfigurationPlatforms) = preSolution
		Debug|Any CPU = Debug|Any CPU
		Release|Any CPU = Release|Any CPU
	EndGlobalSection
	GlobalSection(ProjectConfigurationPlatforms) = postSolution
		{1BA54A84-AD73-4C0C-AE03-08DE206BA19A}.Debug|Any CPU.ActiveCfg = Debug|Any CPU
		{1BA54A84-AD73-4C0C-AE03-08DE206BA19A}.Debug|Any CPU.Build.0 = Debug|Any CPU
		{1BA54A84-AD73-4C0C-AE03-08DE206BA19A}.Release|Any CPU.ActiveCfg = Release|Any CPU
		{1BA54A84-AD73-4C0C-AE03-08DE206BA19A}.Release|Any CPU.Build.0 = Release|Any CPU
	EndGlobalSection
	GlobalSection(SolutionProperties) = preSolution
		HideSolutionNode = FALSE
	EndGlobalSection
	GlobalSection(ExtensibilityGlobals) = postSolution
		SolutionGuid = {70E5820A-0341-4066-8839-491937A90C82}
	EndGlobalSection
EndGlobal
